
Microsoft Visual Studio Solution File, Format Version 12.00
# Visual Studio Version 17
VisualStudioVersion = 17.9.34728.123
MinimumVisualStudioVersion = 10.0.40219.1
Project("{FAE04EC0-301F-11D3-BF4B-00C04F79EFBC}") = "yep", "yep\yep.csproj", "{6F7A9AED-7A6F-4007-A46D-917D94453488}"
EndProject
Global
	GlobalSection(SolutionConfigurationPlatforms) = preSolution
		Debug|Any CPU = Debug|Any CPU
		Release|Any CPU = Release|Any CPU
	EndGlobalSection
	GlobalSection(ProjectConfigurationPlatforms) = postSolution
		{6F7A9AED-7A6F-4007-A46D-917D94453488}.Debug|Any CPU.ActiveCfg = Debug|Any CPU
		{6F7A9AED-7A6F-4007-A46D-917D94453488}.Debug|Any CPU.Build.0 = Debug|Any CPU
		{6F7A9AED-7A6F-4007-A46D-917D94453488}.Release|Any CPU.ActiveCfg = Release|Any CPU
		{6F7A9AED-7A6F-4007-A46D-917D94453488}.Release|Any CPU.Build.0 = Release|Any CPU
	EndGlobalSection
	GlobalSection(SolutionProperties) = preSolution
		HideSolutionNode = FALSE
	EndGlobalSection
	GlobalSection(ExtensibilityGlobals) = postSolution
		SolutionGuid = {E5B28D29-BECD-4903-8FB5-8BCC7DDA9BC2}
	EndGlobalSection
EndGlobal
